
Microsoft Visual Studio Solution File, Format Version 12.00
# Visual Studio Version 17
VisualStudioVersion = 17.4.33205.214
MinimumVisualStudioVersion = 10.0.40219.1
Project("{FAE04EC0-301F-11D3-BF4B-00C04F79EFBC}") = "M320_2023", "M320_2023\M320_2023.csproj", "{0A2A6AD3-D73F-4D41-9E4C-4FBDC70B9C69}"
EndProject
Project("{FAE04EC0-301F-11D3-BF4B-00C04F79EFBC}") = "OO_functions", "OO_functions\OO_functions.csproj", "{6F75A549-3E67-4F12-8471-9785BAFF0EE4}"
EndProject
Global
	GlobalSection(SolutionConfigurationPlatforms) = preSolution
		Debug|Any CPU = Debug|Any CPU
		Release|Any CPU = Release|Any CPU
	EndGlobalSection
	GlobalSection(ProjectConfigurationPlatforms) = postSolution
		{0A2A6AD3-D73F-4D41-9E4C-4FBDC70B9C69}.Debug|Any CPU.ActiveCfg = Debug|Any CPU
		{0A2A6AD3-D73F-4D41-9E4C-4FBDC70B9C69}.Debug|Any CPU.Build.0 = Debug|Any CPU
		{0A2A6AD3-D73F-4D41-9E4C-4FBDC70B9C69}.Release|Any CPU.ActiveCfg = Release|Any CPU
		{0A2A6AD3-D73F-4D41-9E4C-4FBDC70B9C69}.Release|Any CPU.Build.0 = Release|Any CPU
		{6F75A549-3E67-4F12-8471-9785BAFF0EE4}.Debug|Any CPU.ActiveCfg = Debug|Any CPU
		{6F75A549-3E67-4F12-8471-9785BAFF0EE4}.Debug|Any CPU.Build.0 = Debug|Any CPU
		{6F75A549-3E67-4F12-8471-9785BAFF0EE4}.Release|Any CPU.ActiveCfg = Release|Any CPU
		{6F75A549-3E67-4F12-8471-9785BAFF0EE4}.Release|Any CPU.Build.0 = Release|Any CPU
	EndGlobalSection
	GlobalSection(SolutionProperties) = preSolution
		HideSolutionNode = FALSE
	EndGlobalSection
	GlobalSection(ExtensibilityGlobals) = postSolution
		SolutionGuid = {9122141B-AC26-469D-8B00-8046BD7D1542}
	EndGlobalSection
EndGlobal
