
Microsoft Visual Studio Solution File, Format Version 12.00
# Visual Studio Version 17
VisualStudioVersion = 17.4.33205.214
MinimumVisualStudioVersion = 10.0.40219.1
Project("{9A19103F-16F7-4668-BE54-9A1E7A4F7556}") = "OO_functions", "OO_functions\OO_functions.csproj", "{6F75A549-3E67-4F12-8471-9785BAFF0EE4}"
EndProject
Project("{9A19103F-16F7-4668-BE54-9A1E7A4F7556}") = "UebungFussballmannschaft", "fussballmanschaft\UebungFussballmannschaft.csproj", "{F87B7411-C9A3-4923-A0C7-BD4E8C0E2DE1}"
EndProject
Project("{9A19103F-16F7-4668-BE54-9A1E7A4F7556}") = "Lidl", "Lidl\Lidl.csproj", "{2C11AADF-E81D-4F34-9CE0-6693FD3C99FA}"
EndProject
Project("{9A19103F-16F7-4668-BE54-9A1E7A4F7556}") = "GeometrischeFiguren", "GeometrischeFiguren\GeometrischeFiguren.csproj", "{602C86BD-79AF-4B8D-9475-52D8AB55D18D}"
EndProject
Project("{9A19103F-16F7-4668-BE54-9A1E7A4F7556}") = "UserManager", "UserManager\UserManager.csproj", "{C5693BA5-3778-44A6-B3A3-D6DBD84EE8CC}"
EndProject
Project("{FAE04EC0-301F-11D3-BF4B-00C04F79EFBC}") = "StringStack", "Stack\StringStack.csproj", "{F54FAF40-14FC-4F91-8BB2-FA5D1C0EE03A}"
EndProject
Project("{FAE04EC0-301F-11D3-BF4B-00C04F79EFBC}") = "StackTest", "StackTest\StackTest.csproj", "{4CE2592D-54DE-4FEB-8CC2-437970DDC479}"
EndProject
Global
	GlobalSection(SolutionConfigurationPlatforms) = preSolution
		Debug|Any CPU = Debug|Any CPU
		Release|Any CPU = Release|Any CPU
	EndGlobalSection
	GlobalSection(ProjectConfigurationPlatforms) = postSolution
		{6F75A549-3E67-4F12-8471-9785BAFF0EE4}.Debug|Any CPU.ActiveCfg = Debug|Any CPU
		{6F75A549-3E67-4F12-8471-9785BAFF0EE4}.Debug|Any CPU.Build.0 = Debug|Any CPU
		{6F75A549-3E67-4F12-8471-9785BAFF0EE4}.Release|Any CPU.ActiveCfg = Release|Any CPU
		{6F75A549-3E67-4F12-8471-9785BAFF0EE4}.Release|Any CPU.Build.0 = Release|Any CPU
		{F87B7411-C9A3-4923-A0C7-BD4E8C0E2DE1}.Debug|Any CPU.ActiveCfg = Debug|Any CPU
		{F87B7411-C9A3-4923-A0C7-BD4E8C0E2DE1}.Debug|Any CPU.Build.0 = Debug|Any CPU
		{F87B7411-C9A3-4923-A0C7-BD4E8C0E2DE1}.Release|Any CPU.ActiveCfg = Release|Any CPU
		{F87B7411-C9A3-4923-A0C7-BD4E8C0E2DE1}.Release|Any CPU.Build.0 = Release|Any CPU
		{2C11AADF-E81D-4F34-9CE0-6693FD3C99FA}.Debug|Any CPU.ActiveCfg = Debug|Any CPU
		{2C11AADF-E81D-4F34-9CE0-6693FD3C99FA}.Debug|Any CPU.Build.0 = Debug|Any CPU
		{2C11AADF-E81D-4F34-9CE0-6693FD3C99FA}.Release|Any CPU.ActiveCfg = Release|Any CPU
		{2C11AADF-E81D-4F34-9CE0-6693FD3C99FA}.Release|Any CPU.Build.0 = Release|Any CPU
		{602C86BD-79AF-4B8D-9475-52D8AB55D18D}.Debug|Any CPU.ActiveCfg = Debug|Any CPU
		{602C86BD-79AF-4B8D-9475-52D8AB55D18D}.Debug|Any CPU.Build.0 = Debug|Any CPU
		{602C86BD-79AF-4B8D-9475-52D8AB55D18D}.Release|Any CPU.ActiveCfg = Release|Any CPU
		{602C86BD-79AF-4B8D-9475-52D8AB55D18D}.Release|Any CPU.Build.0 = Release|Any CPU
		{C5693BA5-3778-44A6-B3A3-D6DBD84EE8CC}.Debug|Any CPU.ActiveCfg = Debug|Any CPU
		{C5693BA5-3778-44A6-B3A3-D6DBD84EE8CC}.Debug|Any CPU.Build.0 = Debug|Any CPU
		{C5693BA5-3778-44A6-B3A3-D6DBD84EE8CC}.Release|Any CPU.ActiveCfg = Release|Any CPU
		{C5693BA5-3778-44A6-B3A3-D6DBD84EE8CC}.Release|Any CPU.Build.0 = Release|Any CPU
		{F54FAF40-14FC-4F91-8BB2-FA5D1C0EE03A}.Debug|Any CPU.ActiveCfg = Debug|Any CPU
		{F54FAF40-14FC-4F91-8BB2-FA5D1C0EE03A}.Debug|Any CPU.Build.0 = Debug|Any CPU
		{F54FAF40-14FC-4F91-8BB2-FA5D1C0EE03A}.Release|Any CPU.ActiveCfg = Release|Any CPU
		{F54FAF40-14FC-4F91-8BB2-FA5D1C0EE03A}.Release|Any CPU.Build.0 = Release|Any CPU
		{4CE2592D-54DE-4FEB-8CC2-437970DDC479}.Debug|Any CPU.ActiveCfg = Debug|Any CPU
		{4CE2592D-54DE-4FEB-8CC2-437970DDC479}.Debug|Any CPU.Build.0 = Debug|Any CPU
		{4CE2592D-54DE-4FEB-8CC2-437970DDC479}.Release|Any CPU.ActiveCfg = Release|Any CPU
		{4CE2592D-54DE-4FEB-8CC2-437970DDC479}.Release|Any CPU.Build.0 = Release|Any CPU
	EndGlobalSection
	GlobalSection(SolutionProperties) = preSolution
		HideSolutionNode = FALSE
	EndGlobalSection
	GlobalSection(ExtensibilityGlobals) = postSolution
		SolutionGuid = {9122141B-AC26-469D-8B00-8046BD7D1542}
	EndGlobalSection
EndGlobal
